
Microsoft Visual Studio Solution File, Format Version 12.00
# Visual Studio Version 16
VisualStudioVersion = 16.0.29806.167
MinimumVisualStudioVersion = 10.0.40219.1
Project("{8BC9CEB8-8B4A-11D0-8D11-00A0C91BC942}") = "proc-project", "proc-project.vcxproj", "{3C2858FE-BF11-4383-A04E-33DA96F94329}"
EndProject
Global
	GlobalSection(SolutionConfigurationPlatforms) = preSolution
		Debug|x64 = Debug|x64
		Debug|x86 = Debug|x86
		Release|x64 = Release|x64
		Release|x86 = Release|x86
	EndGlobalSection
	GlobalSection(ProjectConfigurationPlatforms) = postSolution
		{3C2858FE-BF11-4383-A04E-33DA96F94329}.Debug|x64.ActiveCfg = Debug|x64
		{3C2858FE-BF11-4383-A04E-33DA96F94329}.Debug|x64.Build.0 = Debug|x64
		{3C2858FE-BF11-4383-A04E-33DA96F94329}.Debug|x86.ActiveCfg = Debug|Win32
		{3C2858FE-BF11-4383-A04E-33DA96F94329}.Debug|x86.Build.0 = Debug|Win32
		{3C2858FE-BF11-4383-A04E-33DA96F94329}.Release|x64.ActiveCfg = Release|x64
		{3C2858FE-BF11-4383-A04E-33DA96F94329}.Release|x64.Build.0 = Release|x64
		{3C2858FE-BF11-4383-A04E-33DA96F94329}.Release|x86.ActiveCfg = Release|Win32
		{3C2858FE-BF11-4383-A04E-33DA96F94329}.Release|x86.Build.0 = Release|Win32
	EndGlobalSection
	GlobalSection(SolutionProperties) = preSolution
		HideSolutionNode = FALSE
	EndGlobalSection
	GlobalSection(ExtensibilityGlobals) = postSolution
		SolutionGuid = {875E4FCB-FCDD-4683-9962-0AE8E9359B7C}
	EndGlobalSection
EndGlobal
